Microsoft Visual Studio Solution File, Format Version 12.00
# Visual Studio Version 17
VisualStudioVersion = 17.0.31903.59
MinimumVisualStudioVersion = 10.0.40219.1
Project("{2150E333-8FDC-42A3-9474-1A3956D46DE8}") = "1. Packages", "1. Packages", "{02EA681E-C7D8-13C7-8484-4AC65E1B71E8}"
EndProject
Project("{9A19103F-16F7-4668-BE54-9A1E7A4F7556}") = "AndreyTalanin0x00.AspNetCore.Hosting", "AndreyTalanin0x00.AspNetCore.Hosting\AndreyTalanin0x00.AspNetCore.Hosting.csproj", "{BBF10EB1-99A4-4FF7-A415-EE5E83CCB13A}"
EndProject
Project("{9A19103F-16F7-4668-BE54-9A1E7A4F7556}") = "AndreyTalanin0x00.AspNetCore.Hosting.Abstractions", "AndreyTalanin0x00.AspNetCore.Hosting.Abstractions\AndreyTalanin0x00.AspNetCore.Hosting.Abstractions.csproj", "{5008635C-E17F-4765-B62C-A406481ED6DC}"
EndProject
Project("{2150E333-8FDC-42A3-9474-1A3956D46DE8}") = "2. Class Libraries", "2. Class Libraries", "{9EF6A8BA-00F3-4504-A8EB-0471E6377850}"
EndProject
Project("{2150E333-8FDC-42A3-9474-1A3956D46DE8}") = "3. Test Libraries", "3. Test Libraries", "{04C7EDD0-CDA9-4E74-9871-210382AE7F3D}"
EndProject
Project("{2150E333-8FDC-42A3-9474-1A3956D46DE8}") = "3.1. Package Tests", "3.1. Package Tests", "{A7406A16-967B-4791-B0FC-4D78039719FC}"
EndProject
Project("{9A19103F-16F7-4668-BE54-9A1E7A4F7556}") = "AndreyTalanin0x00.AspNetCore.Hosting.UnitTests", "Tests\AndreyTalanin0x00.AspNetCore.Hosting.UnitTests\AndreyTalanin0x00.AspNetCore.Hosting.UnitTests.csproj", "{EBFB9A8E-162A-4495-88EC-5A7FEBD09667}"
EndProject
Project("{2150E333-8FDC-42A3-9474-1A3956D46DE8}") = "3.2. Class Library Tests", "3.2. Class Library Tests", "{32E05C8B-5927-4868-9EAC-DE8DE443C740}"
EndProject
Project("{2150E333-8FDC-42A3-9474-1A3956D46DE8}") = "4. Solution Items", "4. Solution Items", "{699C3333-37AE-40A6-9638-8354459DD11D}"
	ProjectSection(SolutionItems) = preProject
		..\.editorconfig = ..\.editorconfig
		..\.gitattributes = ..\.gitattributes
		..\.gitignore = ..\.gitignore
		..\LICENSE.md = ..\LICENSE.md
		..\README.md = ..\README.md
	EndProjectSection
EndProject
Project("{2150E333-8FDC-42A3-9474-1A3956D46DE8}") = "NuGet Configuration Files", "NuGet Configuration Files", "{E3A209BF-BD41-4D33-B10D-0F6610E293EF}"
	ProjectSection(SolutionItems) = preProject
		nuget.config = nuget.config
	EndProjectSection
EndProject
Global
	GlobalSection(SolutionConfigurationPlatforms) = preSolution
		Debug|Any CPU = Debug|Any CPU
		Release|Any CPU = Release|Any CPU
	EndGlobalSection
	GlobalSection(ProjectConfigurationPlatforms) = postSolution
		{BBF10EB1-99A4-4FF7-A415-EE5E83CCB13A}.Debug|Any CPU.ActiveCfg = Debug|Any CPU
		{BBF10EB1-99A4-4FF7-A415-EE5E83CCB13A}.Debug|Any CPU.Build.0 = Debug|Any CPU
		{BBF10EB1-99A4-4FF7-A415-EE5E83CCB13A}.Release|Any CPU.ActiveCfg = Release|Any CPU
		{BBF10EB1-99A4-4FF7-A415-EE5E83CCB13A}.Release|Any CPU.Build.0 = Release|Any CPU
		{5008635C-E17F-4765-B62C-A406481ED6DC}.Debug|Any CPU.ActiveCfg = Debug|Any CPU
		{5008635C-E17F-4765-B62C-A406481ED6DC}.Debug|Any CPU.Build.0 = Debug|Any CPU
		{5008635C-E17F-4765-B62C-A406481ED6DC}.Release|Any CPU.ActiveCfg = Release|Any CPU
		{5008635C-E17F-4765-B62C-A406481ED6DC}.Release|Any CPU.Build.0 = Release|Any CPU
		{EBFB9A8E-162A-4495-88EC-5A7FEBD09667}.Debug|Any CPU.ActiveCfg = Debug|Any CPU
		{EBFB9A8E-162A-4495-88EC-5A7FEBD09667}.Debug|Any CPU.Build.0 = Debug|Any CPU
		{EBFB9A8E-162A-4495-88EC-5A7FEBD09667}.Release|Any CPU.ActiveCfg = Release|Any CPU
		{EBFB9A8E-162A-4495-88EC-5A7FEBD09667}.Release|Any CPU.Build.0 = Release|Any CPU
	EndGlobalSection
	GlobalSection(SolutionProperties) = preSolution
		HideSolutionNode = FALSE
	EndGlobalSection
	GlobalSection(NestedProjects) = preSolution
		{BBF10EB1-99A4-4FF7-A415-EE5E83CCB13A} = {02EA681E-C7D8-13C7-8484-4AC65E1B71E8}
		{5008635C-E17F-4765-B62C-A406481ED6DC} = {02EA681E-C7D8-13C7-8484-4AC65E1B71E8}
		{A7406A16-967B-4791-B0FC-4D78039719FC} = {04C7EDD0-CDA9-4E74-9871-210382AE7F3D}
		{EBFB9A8E-162A-4495-88EC-5A7FEBD09667} = {A7406A16-967B-4791-B0FC-4D78039719FC}
		{32E05C8B-5927-4868-9EAC-DE8DE443C740} = {04C7EDD0-CDA9-4E74-9871-210382AE7F3D}
		{E3A209BF-BD41-4D33-B10D-0F6610E293EF} = {699C3333-37AE-40A6-9638-8354459DD11D}
	EndGlobalSection
	GlobalSection(ExtensibilityGlobals) = postSolution
		SolutionGuid = {F0FF0E6B-985B-4445-9D8C-EA5147ABDB23}
	EndGlobalSection
EndGlobal
