Microsoft Visual Studio Solution File, Format Version 12.00
# Visual Studio Version 17
VisualStudioVersion = 17.0.31903.59
MinimumVisualStudioVersion = 10.0.40219.1
Project("{9A19103F-16F7-4668-BE54-9A1E7A4F7556}") = "AndreyTalanin0x00.AspNetCore.Hosting", "AndreyTalanin0x00.AspNetCore.Hosting\AndreyTalanin0x00.AspNetCore.Hosting.csproj", "{BBF10EB1-99A4-4FF7-A415-EE5E83CCB13A}"
EndProject
Project("{9A19103F-16F7-4668-BE54-9A1E7A4F7556}") = "AndreyTalanin0x00.AspNetCore.Hosting.Abstractions", "AndreyTalanin0x00.AspNetCore.Hosting.Abstractions\AndreyTalanin0x00.AspNetCore.Hosting.Abstractions.csproj", "{5008635C-E17F-4765-B62C-A406481ED6DC}"
EndProject
Project("{9A19103F-16F7-4668-BE54-9A1E7A4F7556}") = "AndreyTalanin0x00.AspNetCore.Hosting.UnitTests", "Tests\AndreyTalanin0x00.AspNetCore.Hosting.UnitTests\AndreyTalanin0x00.AspNetCore.Hosting.UnitTests.csproj", "{EBFB9A8E-162A-4495-88EC-5A7FEBD09667}"
EndProject
Global
	GlobalSection(SolutionConfigurationPlatforms) = preSolution
		Debug|Any CPU = Debug|Any CPU
		Release|Any CPU = Release|Any CPU
	EndGlobalSection
	GlobalSection(ProjectConfigurationPlatforms) = postSolution
		{BBF10EB1-99A4-4FF7-A415-EE5E83CCB13A}.Debug|Any CPU.ActiveCfg = Debug|Any CPU
		{BBF10EB1-99A4-4FF7-A415-EE5E83CCB13A}.Debug|Any CPU.Build.0 = Debug|Any CPU
		{BBF10EB1-99A4-4FF7-A415-EE5E83CCB13A}.Release|Any CPU.ActiveCfg = Release|Any CPU
		{BBF10EB1-99A4-4FF7-A415-EE5E83CCB13A}.Release|Any CPU.Build.0 = Release|Any CPU
		{5008635C-E17F-4765-B62C-A406481ED6DC}.Debug|Any CPU.ActiveCfg = Debug|Any CPU
		{5008635C-E17F-4765-B62C-A406481ED6DC}.Debug|Any CPU.Build.0 = Debug|Any CPU
		{5008635C-E17F-4765-B62C-A406481ED6DC}.Release|Any CPU.ActiveCfg = Release|Any CPU
		{5008635C-E17F-4765-B62C-A406481ED6DC}.Release|Any CPU.Build.0 = Release|Any CPU
		{EBFB9A8E-162A-4495-88EC-5A7FEBD09667}.Debug|Any CPU.ActiveCfg = Debug|Any CPU
		{EBFB9A8E-162A-4495-88EC-5A7FEBD09667}.Debug|Any CPU.Build.0 = Debug|Any CPU
		{EBFB9A8E-162A-4495-88EC-5A7FEBD09667}.Release|Any CPU.ActiveCfg = Release|Any CPU
		{EBFB9A8E-162A-4495-88EC-5A7FEBD09667}.Release|Any CPU.Build.0 = Release|Any CPU
	EndGlobalSection
	GlobalSection(SolutionProperties) = preSolution
		HideSolutionNode = FALSE
	EndGlobalSection
	GlobalSection(ExtensibilityGlobals) = postSolution
		SolutionGuid = {F0FF0E6B-985B-4445-9D8C-EA5147ABDB23}
	EndGlobalSection
EndGlobal
